// !$*UTF8*$!
{
	archiveVersion = 1;
	classes = {
	};
	objectVersion = 50;
	objects = {

/* Begin PBXBuildFile section */
		FE4ADDDA23ECD6B20002D5B7 /* AnimationActions.sks in Resources */ = {isa = PBXBuildFile; fileRef = FE4ADDD923ECD6B20002D5B7 /* AnimationActions.sks */; };
		FE587A3823EA818F00670EC6 /* AppDelegate.swift in Sources */ = {isa = PBXBuildFile; fileRef = FE587A3723EA818F00670EC6 /* AppDelegate.swift */; };
		FE587A3A23EA818F00670EC6 /* GameScene.sks in Resources */ = {isa = PBXBuildFile; fileRef = FE587A3923EA818F00670EC6 /* GameScene.sks */; };
		FE587A3C23EA818F00670EC6 /* Actions.sks in Resources */ = {isa = PBXBuildFile; fileRef = FE587A3B23EA818F00670EC6 /* Actions.sks */; };
		FE587A3E23EA818F00670EC6 /* GameScene.swift in Sources */ = {isa = PBXBuildFile; fileRef = FE587A3D23EA818F00670EC6 /* GameScene.swift */; };
		FE587A4023EA818F00670EC6 /* GameViewController.swift in Sources */ = {isa = PBXBuildFile; fileRef = FE587A3F23EA818F00670EC6 /* GameViewController.swift */; };
		FE587A4323EA818F00670EC6 /* Main.storyboard in Resources */ = {isa = PBXBuildFile; fileRef = FE587A4123EA818F00670EC6 /* Main.storyboard */; };
		FE587A4523EA819000670EC6 /* Assets.xcassets in Resources */ = {isa = PBXBuildFile; fileRef = FE587A4423EA819000670EC6 /* Assets.xcassets */; };
		FE587A4823EA819000670EC6 /* LaunchScreen.storyboard in Resources */ = {isa = PBXBuildFile; fileRef = FE587A4623EA819000670EC6 /* LaunchScreen.storyboard */; };
		FE916ABA23EC952D0074327A /* sfx_swipe.caf in Resources */ = {isa = PBXBuildFile; fileRef = FE916AB923EC952D0074327A /* sfx_swipe.caf */; };
		FE916ABC23EC954F0074327A /* assets.atlas in Resources */ = {isa = PBXBuildFile; fileRef = FE916ABB23EC954F0074327A /* assets.atlas */; };
		FE916ABE23EC96460074327A /* MSButtonNode.swift in Sources */ = {isa = PBXBuildFile; fileRef = FE916ABD23EC96460074327A /* MSButtonNode.swift */; };
		FE916AC023EC9C9D0074327A /* SushiPiece.swift in Sources */ = {isa = PBXBuildFile; fileRef = FE916ABF23EC9C9D0074327A /* SushiPiece.swift */; };
		FE916AC223ECA1C20074327A /* Character.swift in Sources */ = {isa = PBXBuildFile; fileRef = FE916AC123ECA1C20074327A /* Character.swift */; };
/* End PBXBuildFile section */

/* Begin PBXFileReference section */
		FE4ADDD923ECD6B20002D5B7 /* AnimationActions.sks */ = {isa = PBXFileReference; lastKnownFileType = file.sks; path = AnimationActions.sks; sourceTree = "<group>"; };
		FE587A3423EA818F00670EC6 /* SushiNeko.app */ = {isa = PBXFileReference; explicitFileType = wrapper.application; includeInIndex = 0; path = SushiNeko.app; sourceTree = BUILT_PRODUCTS_DIR; };
		FE587A3723EA818F00670EC6 /* AppDelegate.swift */ = {isa = PBXFileReference; lastKnownFileType = sourcecode.swift; path = AppDelegate.swift; sourceTree = "<group>"; };
		FE587A3923EA818F00670EC6 /* GameScene.sks */ = {isa = PBXFileReference; lastKnownFileType = file.sks; path = GameScene.sks; sourceTree = "<group>"; };
		FE587A3B23EA818F00670EC6 /* Actions.sks */ = {isa = PBXFileReference; lastKnownFileType = file.sks; path = Actions.sks; sourceTree = "<group>"; };
		FE587A3D23EA818F00670EC6 /* GameScene.swift */ = {isa = PBXFileReference; lastKnownFileType = sourcecode.swift; path = GameScene.swift; sourceTree = "<group>"; };
		FE587A3F23EA818F00670EC6 /* GameViewController.swift */ = {isa = PBXFileReference; lastKnownFileType = sourcecode.swift; path = GameViewController.swift; sourceTree = "<group>"; };
		FE587A4223EA818F00670EC6 /* Base */ = {isa = PBXFileReference; lastKnownFileType = file.storyboard; name = Base; path = Base.lproj/Main.storyboard; sourceTree = "<group>"; };
		FE587A4423EA819000670EC6 /* Assets.xcassets */ = {isa = PBXFileReference; lastKnownFileType = folder.assetcatalog; path = Assets.xcassets; sourceTree = "<group>"; };
		FE587A4723EA819000670EC6 /* Base */ = {isa = PBXFileReference; lastKnownFileType = file.storyboard; name = Base; path = Base.lproj/LaunchScreen.storyboard; sourceTree = "<group>"; };
		FE587A4923EA819000670EC6 /* Info.plist */ = {isa = PBXFileReference; lastKnownFileType = text.plist.xml; path = Info.plist; sourceTree = "<group>"; };
		FE916AB923EC952D0074327A /* sfx_swipe.caf */ = {isa = PBXFileReference; lastKnownFileType = file; path = sfx_swipe.caf; sourceTree = "<group>"; };
		FE916ABB23EC954F0074327A /* assets.atlas */ = {isa = PBXFileReference; lastKnownFileType = folder.skatlas; path = assets.atlas; sourceTree = "<group>"; };
		FE916ABD23EC96460074327A /* MSButtonNode.swift */ = {isa = PBXFileReference; lastKnownFileType = sourcecode.swift; path = MSButtonNode.swift; sourceTree = "<group>"; };
		FE916ABF23EC9C9D0074327A /* SushiPiece.swift */ = {isa = PBXFileReference; lastKnownFileType = sourcecode.swift; path = SushiPiece.swift; sourceTree = "<group>"; };
		FE916AC123ECA1C20074327A /* Character.swift */ = {isa = PBXFileReference; lastKnownFileType = sourcecode.swift; path = Character.swift; sourceTree = "<group>"; };
/* End PBXFileReference section */

/* Begin PBXFrameworksBuildPhase section */
		FE587A3123EA818F00670EC6 /* Frameworks */ = {
			isa = PBXFrameworksBuildPhase;
			buildActionMask = 2147483647;
			files = (
			);
			runOnlyForDeploymentPostprocessing = 0;
		};
/* End PBXFrameworksBuildPhase section */

/* Begin PBXGroup section */
		FE587A2B23EA818F00670EC6 = {
			isa = PBXGroup;
			children = (
				FE916ABB23EC954F0074327A /* assets.atlas */,
				FE587A3623EA818F00670EC6 /* SushiNeko */,
				FE587A3523EA818F00670EC6 /* Products */,
			);
			sourceTree = "<group>";
		};
		FE587A3523EA818F00670EC6 /* Products */ = {
			isa = PBXGroup;
			children = (
				FE587A3423EA818F00670EC6 /* SushiNeko.app */,
			);
			name = Products;
			sourceTree = "<group>";
		};
		FE587A3623EA818F00670EC6 /* SushiNeko */ = {
			isa = PBXGroup;
			children = (
				FE4ADDD923ECD6B20002D5B7 /* AnimationActions.sks */,
				FE587A3723EA818F00670EC6 /* AppDelegate.swift */,
				FE916ABD23EC96460074327A /* MSButtonNode.swift */,
				FE587A3923EA818F00670EC6 /* GameScene.sks */,
				FE916AC123ECA1C20074327A /* Character.swift */,
				FE587A3B23EA818F00670EC6 /* Actions.sks */,
				FE587A3D23EA818F00670EC6 /* GameScene.swift */,
				FE916ABF23EC9C9D0074327A /* SushiPiece.swift */,
				FE587A3F23EA818F00670EC6 /* GameViewController.swift */,
				FE587A4123EA818F00670EC6 /* Main.storyboard */,
				FE587A4423EA819000670EC6 /* Assets.xcassets */,
				FE916AB823EC952D0074327A /* SFX */,
				FE587A4623EA819000670EC6 /* LaunchScreen.storyboard */,
				FE587A4923EA819000670EC6 /* Info.plist */,
			);
			path = SushiNeko;
			sourceTree = "<group>";
		};
		FE916AB823EC952D0074327A /* SFX */ = {
			isa = PBXGroup;
			children = (
				FE916AB923EC952D0074327A /* sfx_swipe.caf */,
			);
			path = SFX;
			sourceTree = "<group>";
		};
/* End PBXGroup section */

/* Begin PBXNativeTarget section */
		FE587A3323EA818F00670EC6 /* SushiNeko */ = {
			isa = PBXNativeTarget;
			buildConfigurationList = FE587A4C23EA819000670EC6 /* Build configuration list for PBXNativeTarget "SushiNeko" */;
			buildPhases = (
				FE587A3023EA818F00670EC6 /* Sources */,
				FE587A3123EA818F00670EC6 /* Frameworks */,
				FE587A3223EA818F00670EC6 /* Resources */,
			);
			buildRules = (
			);
			dependencies = (
			);
			name = SushiNeko;
			productName = SushiNeko;
			productReference = FE587A3423EA818F00670EC6 /* SushiNeko.app */;
			productType = "com.apple.product-type.application";
		};
/* End PBXNativeTarget section */

/* Begin PBXProject section */
		FE587A2C23EA818F00670EC6 /* Project object */ = {
			isa = PBXProject;
			attributes = {
				LastSwiftUpdateCheck = 1130;
				LastUpgradeCheck = 1130;
				ORGANIZATIONNAME = Makeschool;
				TargetAttributes = {
					FE587A3323EA818F00670EC6 = {
						CreatedOnToolsVersion = 11.3.1;
					};
				};
			};
			buildConfigurationList = FE587A2F23EA818F00670EC6 /* Build configuration list for PBXProject "SushiNeko" */;
			compatibilityVersion = "Xcode 9.3";
			developmentRegion = en;
			hasScannedForEncodings = 0;
			knownRegions = (
				en,
				Base,
			);
			mainGroup = FE587A2B23EA818F00670EC6;
			productRefGroup = FE587A3523EA818F00670EC6 /* Products */;
			projectDirPath = "";
			projectRoot = "";
			targets = (
				FE587A3323EA818F00670EC6 /* SushiNeko */,
			);
		};
/* End PBXProject section */

/* Begin PBXResourcesBuildPhase section */
		FE587A3223EA818F00670EC6 /* Resources */ = {
			isa = PBXResourcesBuildPhase;
			buildActionMask = 2147483647;
			files = (
				FE587A4323EA818F00670EC6 /* Main.storyboard in Resources */,
				FE916ABA23EC952D0074327A /* sfx_swipe.caf in Resources */,
				FE587A3A23EA818F00670EC6 /* GameScene.sks in Resources */,
				FE916ABC23EC954F0074327A /* assets.atlas in Resources */,
				FE4ADDDA23ECD6B20002D5B7 /* AnimationActions.sks in Resources */,
				FE587A4523EA819000670EC6 /* Assets.xcassets in Resources */,
				FE587A4823EA819000670EC6 /* LaunchScreen.storyboard in Resources */,
				FE587A3C23EA818F00670EC6 /* Actions.sks in Resources */,
			);
			runOnlyForDeploymentPostprocessing = 0;
		};
/* End PBXResourcesBuildPhase section */

/* Begin PBXSourcesBuildPhase section */
		FE587A3023EA818F00670EC6 /* Sources */ = {
			isa = PBXSourcesBuildPhase;
			buildActionMask = 2147483647;
			files = (
				FE587A3E23EA818F00670EC6 /* GameScene.swift in Sources */,
				FE587A4023EA818F00670EC6 /* GameViewController.swift in Sources */,
				FE587A3823EA818F00670EC6 /* AppDelegate.swift in Sources */,
				FE916AC223ECA1C20074327A /* Character.swift in Sources */,
				FE916AC023EC9C9D0074327A /* SushiPiece.swift in Sources */,
				FE916ABE23EC96460074327A /* MSButtonNode.swift in Sources */,
			);
			runOnlyForDeploymentPostprocessing = 0;
		};
/* End PBXSourcesBuildPhase section */

/* Begin PBXVariantGroup section */
		FE587A4123EA818F00670EC6 /* Main.storyboard */ = {
			isa = PBXVariantGroup;
			children = (
				FE587A4223EA818F00670EC6 /* Base */,
			);
			name = Main.storyboard;
			sourceTree = "<group>";
		};
		FE587A4623EA819000670EC6 /* LaunchScreen.storyboard */ = {
			isa = PBXVariantGroup;
			children = (
				FE587A4723EA819000670EC6 /* Base */,
			);
			name = LaunchScreen.storyboard;
			sourceTree = "<group>";
		};
/* End PBXVariantGroup section */

/* Begin XCBuildConfiguration section */
		FE587A4A23EA819000670EC6 /* Debug */ = {
			isa = XCBuildConfiguration;
			buildSettings = {
				ALWAYS_SEARCH_USER_PATHS = NO;
				CLANG_ANALYZER_NONNULL = YES;
				CLANG_ANALYZER_NUMBER_OBJECT_CONVERSION = YES_AGGRESSIVE;
				CLANG_CXX_LANGUAGE_STANDARD = "gnu++14";
				CLANG_CXX_LIBRARY = "libc++";
				CLANG_ENABLE_MODULES = YES;
				CLANG_ENABLE_OBJC_ARC = YES;
				CLANG_ENABLE_OBJC_WEAK = YES;
				CLANG_WARN_BLOCK_CAPTURE_AUTORELEASING = YES;
				CLANG_WARN_BOOL_CONVERSION = YES;
				CLANG_WARN_COMMA = YES;
				CLANG_WARN_CONSTANT_CONVERSION = YES;
				CLANG_WARN_DEPRECATED_OBJC_IMPLEMENTATIONS = YES;
				CLANG_WARN_DIRECT_OBJC_ISA_USAGE = YES_ERROR;
				CLANG_WARN_DOCUMENTATION_COMMENTS = YES;
				CLANG_WARN_EMPTY_BODY = YES;
				CLANG_WARN_ENUM_CONVERSION = YES;
				CLANG_WARN_INFINITE_RECURSION = YES;
				CLANG_WARN_INT_CONVERSION = YES;
				CLANG_WARN_NON_LITERAL_NULL_CONVERSION = YES;
				CLANG_WARN_OBJC_IMPLICIT_RETAIN_SELF = YES;
				CLANG_WARN_OBJC_LITERAL_CONVERSION = YES;
				CLANG_WARN_OBJC_ROOT_CLASS = YES_ERROR;
				CLANG_WARN_RANGE_LOOP_ANALYSIS = YES;
				CLANG_WARN_STRICT_PROTOTYPES = YES;
				CLANG_WARN_SUSPICIOUS_MOVE = YES;
				CLANG_WARN_UNGUARDED_AVAILABILITY = YES_AGGRESSIVE;
				CLANG_WARN_UNREACHABLE_CODE = YES;
				CLANG_WARN__DUPLICATE_METHOD_MATCH = YES;
				COPY_PHASE_STRIP = NO;
				DEBUG_INFORMATION_FORMAT = dwarf;
				ENABLE_STRICT_OBJC_MSGSEND = YES;
				ENABLE_TESTABILITY = YES;
				GCC_C_LANGUAGE_STANDARD = gnu11;
				GCC_DYNAMIC_NO_PIC = NO;
				GCC_NO_COMMON_BLOCKS = YES;
				GCC_OPTIMIZATION_LEVEL = 0;
				GCC_PREPROCESSOR_DEFINITIONS = (
					"DEBUG=1",
					"$(inherited)",
				);
				GCC_WARN_64_TO_32_BIT_CONVERSION = YES;
				GCC_WARN_ABOUT_RETURN_TYPE = YES_ERROR;
				GCC_WARN_UNDECLARED_SELECTOR = YES;
				GCC_WARN_UNINITIALIZED_AUTOS = YES_AGGRESSIVE;
				GCC_WARN_UNUSED_FUNCTION = YES;
				GCC_WARN_UNUSED_VARIABLE = YES;
				IPHONEOS_DEPLOYMENT_TARGET = 13.2;
				MTL_ENABLE_DEBUG_INFO = INCLUDE_SOURCE;
				MTL_FAST_MATH = YES;
				ONLY_ACTIVE_ARCH = YES;
				SDKROOT = iphoneos;
				SWIFT_ACTIVE_COMPILATION_CONDITIONS = DEBUG;
				SWIFT_OPTIMIZATION_LEVEL = "-Onone";
			};
			name = Debug;
		};
		FE587A4B23EA819000670EC6 /* Release */ = {
			isa = XCBuildConfiguration;
			buildSettings = {
				ALWAYS_SEARCH_USER_PATHS = NO;
				CLANG_ANALYZER_NONNULL = YES;
				CLANG_ANALYZER_NUMBER_OBJECT_CONVERSION = YES_AGGRESSIVE;
				CLANG_CXX_LANGUAGE_STANDARD = "gnu++14";
				CLANG_CXX_LIBRARY = "libc++";
				CLANG_ENABLE_MODULES = YES;
				CLANG_ENABLE_OBJC_ARC = YES;
				CLANG_ENABLE_OBJC_WEAK = YES;
				CLANG_WARN_BLOCK_CAPTURE_AUTORELEASING = YES;
				CLANG_WARN_BOOL_CONVERSION = YES;
				CLANG_WARN_COMMA = YES;
				CLANG_WARN_CONSTANT_CONVERSION = YES;
				CLANG_WARN_DEPRECATED_OBJC_IMPLEMENTATIONS = YES;
				CLANG_WARN_DIRECT_OBJC_ISA_USAGE = YES_ERROR;
				CLANG_WARN_DOCUMENTATION_COMMENTS = YES;
				CLANG_WARN_EMPTY_BODY = YES;
				CLANG_WARN_ENUM_CONVERSION = YES;
				CLANG_WARN_INFINITE_RECURSION = YES;
				CLANG_WARN_INT_CONVERSION = YES;
				CLANG_WARN_NON_LITERAL_NULL_CONVERSION = YES;
				CLANG_WARN_OBJC_IMPLICIT_RETAIN_SELF = YES;
				CLANG_WARN_OBJC_LITERAL_CONVERSION = YES;
				CLANG_WARN_OBJC_ROOT_CLASS = YES_ERROR;
				CLANG_WARN_RANGE_LOOP_ANALYSIS = YES;
				CLANG_WARN_STRICT_PROTOTYPES = YES;
				CLANG_WARN_SUSPICIOUS_MOVE = YES;
				CLANG_WARN_UNGUARDED_AVAILABILITY = YES_AGGRESSIVE;
				CLANG_WARN_UNREACHABLE_CODE = YES;
				CLANG_WARN__DUPLICATE_METHOD_MATCH = YES;
				COPY_PHASE_STRIP = NO;
				DEBUG_INFORMATION_FORMAT = "dwarf-with-dsym";
				ENABLE_NS_ASSERTIONS = NO;
				ENABLE_STRICT_OBJC_MSGSEND = YES;
				GCC_C_LANGUAGE_STANDARD = gnu11;
				GCC_NO_COMMON_BLOCKS = YES;
				GCC_WARN_64_TO_32_BIT_CONVERSION = YES;
				GCC_WARN_ABOUT_RETURN_TYPE = YES_ERROR;
				GCC_WARN_UNDECLARED_SELECTOR = YES;
				GCC_WARN_UNINITIALIZED_AUTOS = YES_AGGRESSIVE;
				GCC_WARN_UNUSED_FUNCTION = YES;
				GCC_WARN_UNUSED_VARIABLE = YES;
				IPHONEOS_DEPLOYMENT_TARGET = 13.2;
				MTL_ENABLE_DEBUG_INFO = NO;
				MTL_FAST_MATH = YES;
				SDKROOT = iphoneos;
				SWIFT_COMPILATION_MODE = wholemodule;
				SWIFT_OPTIMIZATION_LEVEL = "-O";
				VALIDATE_PRODUCT = YES;
			};
			name = Release;
		};
		FE587A4D23EA819000670EC6 /* Debug */ = {
			isa = XCBuildConfiguration;
			buildSettings = {
				ASSETCATALOG_COMPILER_APPICON_NAME = AppIcon;
				CODE_SIGN_STYLE = Automatic;
				INFOPLIST_FILE = SushiNeko/Info.plist;
				LD_RUNPATH_SEARCH_PATHS = (
					"$(inherited)",
					"@executable_path/Frameworks",
				);
				PRODUCT_BUNDLE_IDENTIFIER = com.makeschool.SushiNeko;
				PRODUCT_NAME = "$(TARGET_NAME)";
				SWIFT_VERSION = 5.0;
				TARGETED_DEVICE_FAMILY = "1,2";
			};
			name = Debug;
		};
		FE587A4E23EA819000670EC6 /* Release */ = {
			isa = XCBuildConfiguration;
			buildSettings = {
				ASSETCATALOG_COMPILER_APPICON_NAME = AppIcon;
				CODE_SIGN_STYLE = Automatic;
				INFOPLIST_FILE = SushiNeko/Info.plist;
				LD_RUNPATH_SEARCH_PATHS = (
					"$(inherited)",
					"@executable_path/Frameworks",
				);
				PRODUCT_BUNDLE_IDENTIFIER = com.makeschool.SushiNeko;
				PRODUCT_NAME = "$(TARGET_NAME)";
				SWIFT_VERSION = 5.0;
				TARGETED_DEVICE_FAMILY = "1,2";
			};
			name = Release;
		};
/* End XCBuildConfiguration section */

/* Begin XCConfigurationList section */
		FE587A2F23EA818F00670EC6 /* Build configuration list for PBXProject "SushiNeko" */ = {
			isa = XCConfigurationList;
			buildConfigurations = (
				FE587A4A23EA819000670EC6 /* Debug */,
				FE587A4B23EA819000670EC6 /* Release */,
			);
			defaultConfigurationIsVisible = 0;
			defaultConfigurationName = Release;
		};
		FE587A4C23EA819000670EC6 /* Build configuration list for PBXNativeTarget "SushiNeko" */ = {
			isa = XCConfigurationList;
			buildConfigurations = (
				FE587A4D23EA819000670EC6 /* Debug */,
				FE587A4E23EA819000670EC6 /* Release */,
			);
			defaultConfigurationIsVisible = 0;
			defaultConfigurationName = Release;
		};
/* End XCConfigurationList section */
	};
	rootObject = FE587A2C23EA818F00670EC6 /* Project object */;
}
